
Microsoft Visual Studio Solution File, Format Version 12.00
# Visual Studio Version 16
VisualStudioVersion = 16.0.29102.190
MinimumVisualStudioVersion = 10.0.40219.1
Project("{FAE04EC0-301F-11D3-BF4B-00C04F79EFBC}") = "work3_2", "work3_2.csproj", "{42B49E81-E8D9-4FB6-827E-BAB62A2587C5}"
EndProject
Global
	GlobalSection(SolutionConfigurationPlatforms) = preSolution
		Debug|Any CPU = Debug|Any CPU
		Release|Any CPU = Release|Any CPU
	EndGlobalSection
	GlobalSection(ProjectConfigurationPlatforms) = postSolution
		{42B49E81-E8D9-4FB6-827E-BAB62A2587C5}.Debug|Any CPU.ActiveCfg = Debug|Any CPU
		{42B49E81-E8D9-4FB6-827E-BAB62A2587C5}.Debug|Any CPU.Build.0 = Debug|Any CPU
		{42B49E81-E8D9-4FB6-827E-BAB62A2587C5}.Release|Any CPU.ActiveCfg = Release|Any CPU
		{42B49E81-E8D9-4FB6-827E-BAB62A2587C5}.Release|Any CPU.Build.0 = Release|Any CPU
	EndGlobalSection
	GlobalSection(SolutionProperties) = preSolution
		HideSolutionNode = FALSE
	EndGlobalSection
	GlobalSection(ExtensibilityGlobals) = postSolution
		SolutionGuid = {7FE47040-2CD9-45D2-B856-9359CCF09D4A}
	EndGlobalSection
EndGlobal
